// !$*UTF8*$!
{
	archiveVersion = 1;
	classes = {
	};
	objectVersion = 46;
	objects = {

/* Begin PBXBuildFile section */
		A91C7E0B19AA52AF002B34A1 /* SoundListTVC.m in Sources */ = {isa = PBXBuildFile; fileRef = A91C7E0A19AA52AF002B34A1 /* SoundListTVC.m */; };
		A91C7E1119AA545C002B34A1 /* Sound.m in Sources */ = {isa = PBXBuildFile; fileRef = A91C7E1019AA545C002B34A1 /* Sound.m */; };
		A921DB2F19A67CAB00D40908 /* EditAlarmTvC.m in Sources */ = {isa = PBXBuildFile; fileRef = A921DB2E19A67CAB00D40908 /* EditAlarmTvC.m */; };
		A94B49E419ACFC0F0041500C /* AVFoundation.framework in Frameworks */ = {isa = PBXBuildFile; fileRef = A94B49E319ACFC0F0041500C /* AVFoundation.framework */; };
		A94B49E619AD04C20041500C /* AudioToolbox.framework in Frameworks */ = {isa = PBXBuildFile; fileRef = A94B49E519AD04C20041500C /* AudioToolbox.framework */; };
		A9983F5119A29F0B00CF6BC0 /* Alarm.m in Sources */ = {isa = PBXBuildFile; fileRef = A9983F4E19A29F0B00CF6BC0 /* Alarm.m */; };
		A9983F5219A29F0B00CF6BC0 /* AlarmListTVC.m in Sources */ = {isa = PBXBuildFile; fileRef = A9983F5019A29F0B00CF6BC0 /* AlarmListTVC.m */; };
		A9AD80AA19A1299F00A059AB /* AppIcon29x29.png in Resources */ = {isa = PBXBuildFile; fileRef = A9AD809A19A1299F00A059AB /* AppIcon29x29.png */; };
		A9AD80AB19A1299F00A059AB /* AppIcon29x29@2x.png in Resources */ = {isa = PBXBuildFile; fileRef = A9AD809B19A1299F00A059AB /* AppIcon29x29@2x.png */; };
		A9AD80AC19A1299F00A059AB /* AppIcon40x40.png in Resources */ = {isa = PBXBuildFile; fileRef = A9AD809C19A1299F00A059AB /* AppIcon40x40.png */; };
		A9AD80AD19A1299F00A059AB /* AppIcon40x40@2x.png in Resources */ = {isa = PBXBuildFile; fileRef = A9AD809D19A1299F00A059AB /* AppIcon40x40@2x.png */; };
		A9AD80AE19A1299F00A059AB /* AppIcon50x50.png in Resources */ = {isa = PBXBuildFile; fileRef = A9AD809E19A1299F00A059AB /* AppIcon50x50.png */; };
		A9AD80AF19A1299F00A059AB /* AppIcon50x50@2x.png in Resources */ = {isa = PBXBuildFile; fileRef = A9AD809F19A1299F00A059AB /* AppIcon50x50@2x.png */; };
		A9AD80B019A1299F00A059AB /* AppIcon57x57.png in Resources */ = {isa = PBXBuildFile; fileRef = A9AD80A019A1299F00A059AB /* AppIcon57x57.png */; };
		A9AD80B119A1299F00A059AB /* AppIcon57x57@2x.png in Resources */ = {isa = PBXBuildFile; fileRef = A9AD80A119A1299F00A059AB /* AppIcon57x57@2x.png */; };
		A9AD80B219A1299F00A059AB /* AppIcon60x60.png in Resources */ = {isa = PBXBuildFile; fileRef = A9AD80A219A1299F00A059AB /* AppIcon60x60.png */; };
		A9AD80B319A1299F00A059AB /* AppIcon60x60@2x.png in Resources */ = {isa = PBXBuildFile; fileRef = A9AD80A319A1299F00A059AB /* AppIcon60x60@2x.png */; };
		A9AD80B419A1299F00A059AB /* AppIcon72x72.png in Resources */ = {isa = PBXBuildFile; fileRef = A9AD80A419A1299F00A059AB /* AppIcon72x72.png */; };
		A9AD80B519A1299F00A059AB /* AppIcon72x72@2x.png in Resources */ = {isa = PBXBuildFile; fileRef = A9AD80A519A1299F00A059AB /* AppIcon72x72@2x.png */; };
		A9AD80B619A1299F00A059AB /* AppIcon76x76.png in Resources */ = {isa = PBXBuildFile; fileRef = A9AD80A619A1299F00A059AB /* AppIcon76x76.png */; };
		A9AD80B719A1299F00A059AB /* AppIcon76x76@2x.png in Resources */ = {isa = PBXBuildFile; fileRef = A9AD80A719A1299F00A059AB /* AppIcon76x76@2x.png */; };
		A9AD80B819A1299F00A059AB /* iTunesArtwork.png in Resources */ = {isa = PBXBuildFile; fileRef = A9AD80A819A1299F00A059AB /* iTunesArtwork.png */; };
		A9AD80B919A1299F00A059AB /* iTunesArtwork@2x.png in Resources */ = {isa = PBXBuildFile; fileRef = A9AD80A919A1299F00A059AB /* iTunesArtwork@2x.png */; };
		A9E4343B19A3D3CF0022C1FE /* AddAlarmTVC.m in Sources */ = {isa = PBXBuildFile; fileRef = A9E4343A19A3D3CF0022C1FE /* AddAlarmTVC.m */; };
		A9E54E2C19A0B22900B86244 /* Main_iPad_Version.storyboard in Resources */ = {isa = PBXBuildFile; fileRef = A9E54E2A19A0B22900B86244 /* Main_iPad_Version.storyboard */; };
		E0050D2319E00EF700062D86 /* alarm_clock_ringing.caf in Resources */ = {isa = PBXBuildFile; fileRef = E0050D1E19E00EF700062D86 /* alarm_clock_ringing.caf */; };
		E0050D2419E00EF700062D86 /* baby_crying.caf in Resources */ = {isa = PBXBuildFile; fileRef = E0050D1F19E00EF700062D86 /* baby_crying.caf */; };
		E0050D2519E00EF700062D86 /* card_reader_alarm.caf in Resources */ = {isa = PBXBuildFile; fileRef = E0050D2019E00EF700062D86 /* card_reader_alarm.caf */; };
		E0050D2619E00EF700062D86 /* church_bells.caf in Resources */ = {isa = PBXBuildFile; fileRef = E0050D2119E00EF700062D86 /* church_bells.caf */; };
		E0050D2719E00EF700062D86 /* police.caf in Resources */ = {isa = PBXBuildFile; fileRef = E0050D2219E00EF700062D86 /* police.caf */; };
		E00A3C4F19E0663F007AD1C6 /* libsqlite3.dylib in Frameworks */ = {isa = PBXBuildFile; fileRef = E00A3C4E19E0663F007AD1C6 /* libsqlite3.dylib */; };
		E0201E23190D0F2C00D00A69 /* Foundation.framework in Frameworks */ = {isa = PBXBuildFile; fileRef = E0201E22190D0F2C00D00A69 /* Foundation.framework */; };
		E0201E25190D0F2C00D00A69 /* CoreGraphics.framework in Frameworks */ = {isa = PBXBuildFile; fileRef = E0201E24190D0F2C00D00A69 /* CoreGraphics.framework */; };
		E0201E27190D0F2C00D00A69 /* UIKit.framework in Frameworks */ = {isa = PBXBuildFile; fileRef = E0201E26190D0F2C00D00A69 /* UIKit.framework */; };
		E0201E2D190D0F2C00D00A69 /* InfoPlist.strings in Resources */ = {isa = PBXBuildFile; fileRef = E0201E2B190D0F2C00D00A69 /* InfoPlist.strings */; };
		E0201E2F190D0F2C00D00A69 /* main.m in Sources */ = {isa = PBXBuildFile; fileRef = E0201E2E190D0F2C00D00A69 /* main.m */; };
		E0201E33190D0F2C00D00A69 /* AppDelegate.m in Sources */ = {isa = PBXBuildFile; fileRef = E0201E32190D0F2C00D00A69 /* AppDelegate.m */; };
		E0201E3F190D0F2D00D00A69 /* DetailViewController.m in Sources */ = {isa = PBXBuildFile; fileRef = E0201E3E190D0F2D00D00A69 /* DetailViewController.m */; };
		E0201E41190D0F2D00D00A69 /* Images.xcassets in Resources */ = {isa = PBXBuildFile; fileRef = E0201E40190D0F2D00D00A69 /* Images.xcassets */; };
		E0201E48190D0F2D00D00A69 /* XCTest.framework in Frameworks */ = {isa = PBXBuildFile; fileRef = E0201E47190D0F2D00D00A69 /* XCTest.framework */; };
		E0201E49190D0F2D00D00A69 /* Foundation.framework in Frameworks */ = {isa = PBXBuildFile; fileRef = E0201E22190D0F2C00D00A69 /* Foundation.framework */; };
		E0201E4A190D0F2D00D00A69 /* UIKit.framework in Frameworks */ = {isa = PBXBuildFile; fileRef = E0201E26190D0F2C00D00A69 /* UIKit.framework */; };
		E0201E52190D0F2D00D00A69 /* InfoPlist.strings in Resources */ = {isa = PBXBuildFile; fileRef = E0201E50190D0F2D00D00A69 /* InfoPlist.strings */; };
		E0201E54190D0F2D00D00A69 /* MiRelojTests.m in Sources */ = {isa = PBXBuildFile; fileRef = E0201E53190D0F2D00D00A69 /* MiRelojTests.m */; };
		E0201E78190D10D900D00A69 /* RelojViewController.m in Sources */ = {isa = PBXBuildFile; fileRef = E0201E64190D10D900D00A69 /* RelojViewController.m */; };
		E0201E79190D10D900D00A69 /* Add.png in Resources */ = {isa = PBXBuildFile; fileRef = E0201E67190D10D900D00A69 /* Add.png */; };
		E0201E7A190D10D900D00A69 /* Add@2x.png in Resources */ = {isa = PBXBuildFile; fileRef = E0201E68190D10D900D00A69 /* Add@2x.png */; };
		E0201E7B190D10D900D00A69 /* Alarm.png in Resources */ = {isa = PBXBuildFile; fileRef = E0201E69190D10D900D00A69 /* Alarm.png */; };
		E0201E7C190D10D900D00A69 /* Alarm@2x.png in Resources */ = {isa = PBXBuildFile; fileRef = E0201E6A190D10D900D00A69 /* Alarm@2x.png */; };
		E0201E7D190D10D900D00A69 /* Clock.png in Resources */ = {isa = PBXBuildFile; fileRef = E0201E6B190D10D900D00A69 /* Clock.png */; };
		E0201E7E190D10D900D00A69 /* Clock@2x.png in Resources */ = {isa = PBXBuildFile; fileRef = E0201E6C190D10D900D00A69 /* Clock@2x.png */; };
		E0201E7F190D10D900D00A69 /* New.png in Resources */ = {isa = PBXBuildFile; fileRef = E0201E6D190D10D900D00A69 /* New.png */; };
		E0201E80190D10D900D00A69 /* New@2x.png in Resources */ = {isa = PBXBuildFile; fileRef = E0201E6E190D10D900D00A69 /* New@2x.png */; };
		E0201E81190D10D900D00A69 /* Next.png in Resources */ = {isa = PBXBuildFile; fileRef = E0201E6F190D10D900D00A69 /* Next.png */; };
		E0201E82190D10D900D00A69 /* Next@2x.png in Resources */ = {isa = PBXBuildFile; fileRef = E0201E70190D10D900D00A69 /* Next@2x.png */; };
		E0201E83190D10D900D00A69 /* Options.png in Resources */ = {isa = PBXBuildFile; fileRef = E0201E71190D10D900D00A69 /* Options.png */; };
		E0201E84190D10D900D00A69 /* Options@2x.png in Resources */ = {isa = PBXBuildFile; fileRef = E0201E72190D10D900D00A69 /* Options@2x.png */; };
		E0201E85190D10D900D00A69 /* Previous.png in Resources */ = {isa = PBXBuildFile; fileRef = E0201E73190D10D900D00A69 /* Previous.png */; };
		E0201E86190D10D900D00A69 /* Previous@2x.png in Resources */ = {isa = PBXBuildFile; fileRef = E0201E74190D10D900D00A69 /* Previous@2x.png */; };
		E0201E87190D10D900D00A69 /* Timer.png in Resources */ = {isa = PBXBuildFile; fileRef = E0201E75190D10D900D00A69 /* Timer.png */; };
		E0201E88190D10D900D00A69 /* Timer@2x.png in Resources */ = {isa = PBXBuildFile; fileRef = E0201E76190D10D900D00A69 /* Timer@2x.png */; };
		E072F282190D863300FE1D24 /* CellDetailRelojOptionTVC.m in Sources */ = {isa = PBXBuildFile; fileRef = E072F281190D863300FE1D24 /* CellDetailRelojOptionTVC.m */; };
		E07FB127191FAD7E00FFA667 /* Localizable.strings in Resources */ = {isa = PBXBuildFile; fileRef = E07FB129191FAD7E00FFA667 /* Localizable.strings */; };
		E07FB12D191FAFAD00FFA667 /* Main_iPhone.storyboard in Resources */ = {isa = PBXBuildFile; fileRef = E07FB12B191FAFAD00FFA667 /* Main_iPhone.storyboard */; };
/* End PBXBuildFile section */

/* Begin PBXContainerItemProxy section */
		E0201E4B190D0F2D00D00A69 /* PBXContainerItemProxy */ = {
			isa = PBXContainerItemProxy;
			containerPortal = E0201E17190D0F2C00D00A69 /* Project object */;
			proxyType = 1;
			remoteGlobalIDString = E0201E1E190D0F2C00D00A69;
			remoteInfo = MiReloj;
		};
/* End PBXContainerItemProxy section */

/* Begin PBXFileReference section */
		A91C7E0919AA52AF002B34A1 /* SoundListTVC.h */ = {isa = PBXFileReference; fileEncoding = 4; lastKnownFileType = sourcecode.c.h; name = SoundListTVC.h; path = ALARMS/Controllers/SoundListTVC.h; sourceTree = SOURCE_ROOT; };
		A91C7E0A19AA52AF002B34A1 /* SoundListTVC.m */ = {isa = PBXFileReference; fileEncoding = 4; lastKnownFileType = sourcecode.c.objc; name = SoundListTVC.m; path = ALARMS/Controllers/SoundListTVC.m; sourceTree = SOURCE_ROOT; };
		A91C7E0F19AA545C002B34A1 /* Sound.h */ = {isa = PBXFileReference; fileEncoding = 4; lastKnownFileType = sourcecode.c.h; name = Sound.h; path = ALARMS/Controllers/Sound.h; sourceTree = SOURCE_ROOT; };
		A91C7E1019AA545C002B34A1 /* Sound.m */ = {isa = PBXFileReference; fileEncoding = 4; lastKnownFileType = sourcecode.c.objc; name = Sound.m; path = ALARMS/Controllers/Sound.m; sourceTree = SOURCE_ROOT; };
		A921DB2D19A67CAB00D40908 /* EditAlarmTvC.h */ = {isa = PBXFileReference; fileEncoding = 4; lastKnownFileType = sourcecode.c.h; name = EditAlarmTvC.h; path = ALARMS/Controllers/EditAlarmTvC.h; sourceTree = SOURCE_ROOT; };
		A921DB2E19A67CAB00D40908 /* EditAlarmTvC.m */ = {isa = PBXFileReference; fileEncoding = 4; lastKnownFileType = sourcecode.c.objc; name = EditAlarmTvC.m; path = ALARMS/Controllers/EditAlarmTvC.m; sourceTree = SOURCE_ROOT; };
		A9392FF319A8A70900D3CCBE /* es */ = {isa = PBXFileReference; lastKnownFileType = text.plist.strings; name = es; path = es.lproj/Main_iPhone.strings; sourceTree = "<group>"; };
		A9392FF519A8A70C00D3CCBE /* en */ = {isa = PBXFileReference; lastKnownFileType = text.plist.strings; name = en; path = en.lproj/Main_iPhone.strings; sourceTree = "<group>"; };
		A94B49E319ACFC0F0041500C /* AVFoundation.framework */ = {isa = PBXFileReference; lastKnownFileType = wrapper.framework; name = AVFoundation.framework; path = System/Library/Frameworks/AVFoundation.framework; sourceTree = SDKROOT; };
		A94B49E519AD04C20041500C /* AudioToolbox.framework */ = {isa = PBXFileReference; lastKnownFileType = wrapper.framework; name = AudioToolbox.framework; path = System/Library/Frameworks/AudioToolbox.framework; sourceTree = SDKROOT; };
		A9983F4D19A29F0B00CF6BC0 /* Alarm.h */ = {isa = PBXFileReference; fileEncoding = 4; lastKnownFileType = sourcecode.c.h; name = Alarm.h; path = ALARMS/Controllers/Alarm.h; sourceTree = SOURCE_ROOT; };
		A9983F4E19A29F0B00CF6BC0 /* Alarm.m */ = {isa = PBXFileReference; fileEncoding = 4; lastKnownFileType = sourcecode.c.objc; name = Alarm.m; path = ALARMS/Controllers/Alarm.m; sourceTree = SOURCE_ROOT; };
		A9983F4F19A29F0B00CF6BC0 /* AlarmListTVC.h */ = {isa = PBXFileReference; fileEncoding = 4; lastKnownFileType = sourcecode.c.h; name = AlarmListTVC.h; path = ALARMS/Controllers/AlarmListTVC.h; sourceTree = SOURCE_ROOT; };
		A9983F5019A29F0B00CF6BC0 /* AlarmListTVC.m */ = {isa = PBXFileReference; fileEncoding = 4; lastKnownFileType = sourcecode.c.objc; name = AlarmListTVC.m; path = ALARMS/Controllers/AlarmListTVC.m; sourceTree = SOURCE_ROOT; };
		A9AD809A19A1299F00A059AB /* AppIcon29x29.png */ = {isa = PBXFileReference; lastKnownFileType = image.png; path = AppIcon29x29.png; sourceTree = "<group>"; };
		A9AD809B19A1299F00A059AB /* AppIcon29x29@2x.png */ = {isa = PBXFileReference; lastKnownFileType = image.png; path = "AppIcon29x29@2x.png"; sourceTree = "<group>"; };
		A9AD809C19A1299F00A059AB /* AppIcon40x40.png */ = {isa = PBXFileReference; lastKnownFileType = image.png; path = AppIcon40x40.png; sourceTree = "<group>"; };
		A9AD809D19A1299F00A059AB /* AppIcon40x40@2x.png */ = {isa = PBXFileReference; lastKnownFileType = image.png; path = "AppIcon40x40@2x.png"; sourceTree = "<group>"; };
		A9AD809E19A1299F00A059AB /* AppIcon50x50.png */ = {isa = PBXFileReference; lastKnownFileType = image.png; path = AppIcon50x50.png; sourceTree = "<group>"; };
		A9AD809F19A1299F00A059AB /* AppIcon50x50@2x.png */ = {isa = PBXFileReference; lastKnownFileType = image.png; path = "AppIcon50x50@2x.png"; sourceTree = "<group>"; };
		A9AD80A019A1299F00A059AB /* AppIcon57x57.png */ = {isa = PBXFileReference; lastKnownFileType = image.png; path = AppIcon57x57.png; sourceTree = "<group>"; };
		A9AD80A119A1299F00A059AB /* AppIcon57x57@2x.png */ = {isa = PBXFileReference; lastKnownFileType = image.png; path = "AppIcon57x57@2x.png"; sourceTree = "<group>"; };
		A9AD80A219A1299F00A059AB /* AppIcon60x60.png */ = {isa = PBXFileReference; lastKnownFileType = image.png; path = AppIcon60x60.png; sourceTree = "<group>"; };
		A9AD80A319A1299F00A059AB /* AppIcon60x60@2x.png */ = {isa = PBXFileReference; lastKnownFileType = image.png; path = "AppIcon60x60@2x.png"; sourceTree = "<group>"; };
		A9AD80A419A1299F00A059AB /* AppIcon72x72.png */ = {isa = PBXFileReference; lastKnownFileType = image.png; path = AppIcon72x72.png; sourceTree = "<group>"; };
		A9AD80A519A1299F00A059AB /* AppIcon72x72@2x.png */ = {isa = PBXFileReference; lastKnownFileType = image.png; path = "AppIcon72x72@2x.png"; sourceTree = "<group>"; };
		A9AD80A619A1299F00A059AB /* AppIcon76x76.png */ = {isa = PBXFileReference; lastKnownFileType = image.png; path = AppIcon76x76.png; sourceTree = "<group>"; };
		A9AD80A719A1299F00A059AB /* AppIcon76x76@2x.png */ = {isa = PBXFileReference; lastKnownFileType = image.png; path = "AppIcon76x76@2x.png"; sourceTree = "<group>"; };
		A9AD80A819A1299F00A059AB /* iTunesArtwork.png */ = {isa = PBXFileReference; lastKnownFileType = image.png; path = iTunesArtwork.png; sourceTree = "<group>"; };
		A9AD80A919A1299F00A059AB /* iTunesArtwork@2x.png */ = {isa = PBXFileReference; lastKnownFileType = image.png; path = "iTunesArtwork@2x.png"; sourceTree = "<group>"; };
		A9E4343919A3D3CF0022C1FE /* AddAlarmTVC.h */ = {isa = PBXFileReference; fileEncoding = 4; lastKnownFileType = sourcecode.c.h; name = AddAlarmTVC.h; path = ALARMS/Controllers/AddAlarmTVC.h; sourceTree = SOURCE_ROOT; };
		A9E4343A19A3D3CF0022C1FE /* AddAlarmTVC.m */ = {isa = PBXFileReference; fileEncoding = 4; lastKnownFileType = sourcecode.c.objc; name = AddAlarmTVC.m; path = ALARMS/Controllers/AddAlarmTVC.m; sourceTree = SOURCE_ROOT; };
		A9E54E2B19A0B22900B86244 /* Base */ = {isa = PBXFileReference; lastKnownFileType = file.storyboard; name = Base; path = MiReloj/Base.lproj/Main_iPad_Version.storyboard; sourceTree = "<group>"; };
		E0050D1E19E00EF700062D86 /* alarm_clock_ringing.caf */ = {isa = PBXFileReference; lastKnownFileType = file; path = alarm_clock_ringing.caf; sourceTree = "<group>"; };
		E0050D1F19E00EF700062D86 /* baby_crying.caf */ = {isa = PBXFileReference; lastKnownFileType = file; path = baby_crying.caf; sourceTree = "<group>"; };
		E0050D2019E00EF700062D86 /* card_reader_alarm.caf */ = {isa = PBXFileReference; lastKnownFileType = file; path = card_reader_alarm.caf; sourceTree = "<group>"; };
		E0050D2119E00EF700062D86 /* church_bells.caf */ = {isa = PBXFileReference; lastKnownFileType = file; path = church_bells.caf; sourceTree = "<group>"; };
		E0050D2219E00EF700062D86 /* police.caf */ = {isa = PBXFileReference; lastKnownFileType = file; path = police.caf; sourceTree = "<group>"; };
		E00A3C4E19E0663F007AD1C6 /* libsqlite3.dylib */ = {isa = PBXFileReference; lastKnownFileType = "compiled.mach-o.dylib"; name = libsqlite3.dylib; path = usr/lib/libsqlite3.dylib; sourceTree = SDKROOT; };
		E0201E1F190D0F2C00D00A69 /* MiReloj.app */ = {isa = PBXFileReference; explicitFileType = wrapper.application; includeInIndex = 0; path = MiReloj.app; sourceTree = BUILT_PRODUCTS_DIR; };
		E0201E22190D0F2C00D00A69 /* Foundation.framework */ = {isa = PBXFileReference; lastKnownFileType = wrapper.framework; name = Foundation.framework; path = System/Library/Frameworks/Foundation.framework; sourceTree = SDKROOT; };
		E0201E24190D0F2C00D00A69 /* CoreGraphics.framework */ = {isa = PBXFileReference; lastKnownFileType = wrapper.framework; name = CoreGraphics.framework; path = System/Library/Frameworks/CoreGraphics.framework; sourceTree = SDKROOT; };
		E0201E26190D0F2C00D00A69 /* UIKit.framework */ = {isa = PBXFileReference; lastKnownFileType = wrapper.framework; name = UIKit.framework; path = System/Library/Frameworks/UIKit.framework; sourceTree = SDKROOT; };
		E0201E2A190D0F2C00D00A69 /* MiReloj-Info.plist */ = {isa = PBXFileReference; lastKnownFileType = text.plist.xml; path = "MiReloj-Info.plist"; sourceTree = "<group>"; };
		E0201E2C190D0F2C00D00A69 /* en */ = {isa = PBXFileReference; lastKnownFileType = text.plist.strings; name = en; path = en.lproj/InfoPlist.strings; sourceTree = "<group>"; };
		E0201E2E190D0F2C00D00A69 /* main.m */ = {isa = PBXFileReference; lastKnownFileType = sourcecode.c.objc; path = main.m; sourceTree = "<group>"; };
		E0201E30190D0F2C00D00A69 /* MiReloj-Prefix.pch */ = {isa = PBXFileReference; lastKnownFileType = sourcecode.c.h; path = "MiReloj-Prefix.pch"; sourceTree = "<group>"; };
		E0201E31190D0F2C00D00A69 /* AppDelegate.h */ = {isa = PBXFileReference; lastKnownFileType = sourcecode.c.h; path = AppDelegate.h; sourceTree = "<group>"; };
		E0201E32190D0F2C00D00A69 /* AppDelegate.m */ = {isa = PBXFileReference; lastKnownFileType = sourcecode.c.objc; path = AppDelegate.m; sourceTree = "<group>"; };
		E0201E3D190D0F2D00D00A69 /* DetailViewController.h */ = {isa = PBXFileReference; lastKnownFileType = sourcecode.c.h; path = DetailViewController.h; sourceTree = "<group>"; };
		E0201E3E190D0F2D00D00A69 /* DetailViewController.m */ = {isa = PBXFileReference; lastKnownFileType = sourcecode.c.objc; path = DetailViewController.m; sourceTree = "<group>"; };
		E0201E40190D0F2D00D00A69 /* Images.xcassets */ = {isa = PBXFileReference; lastKnownFileType = folder.assetcatalog; path = Images.xcassets; sourceTree = "<group>"; };
		E0201E46190D0F2D00D00A69 /* MiRelojTests.xctest */ = {isa = PBXFileReference; explicitFileType = wrapper.cfbundle; includeInIndex = 0; path = MiRelojTests.xctest; sourceTree = BUILT_PRODUCTS_DIR; };
		E0201E47190D0F2D00D00A69 /* XCTest.framework */ = {isa = PBXFileReference; lastKnownFileType = wrapper.framework; name = XCTest.framework; path = Library/Frameworks/XCTest.framework; sourceTree = DEVELOPER_DIR; };
		E0201E4F190D0F2D00D00A69 /* MiRelojTests-Info.plist */ = {isa = PBXFileReference; lastKnownFileType = text.plist.xml; path = "MiRelojTests-Info.plist"; sourceTree = "<group>"; };
		E0201E51190D0F2D00D00A69 /* en */ = {isa = PBXFileReference; lastKnownFileType = text.plist.strings; name = en; path = en.lproj/InfoPlist.strings; sourceTree = "<group>"; };
		E0201E53190D0F2D00D00A69 /* MiRelojTests.m */ = {isa = PBXFileReference; lastKnownFileType = sourcecode.c.objc; path = MiRelojTests.m; sourceTree = "<group>"; };
		E0201E63190D10D900D00A69 /* RelojViewController.h */ = {isa = PBXFileReference; fileEncoding = 4; lastKnownFileType = sourcecode.c.h; path = RelojViewController.h; sourceTree = "<group>"; };
		E0201E64190D10D900D00A69 /* RelojViewController.m */ = {isa = PBXFileReference; fileEncoding = 4; lastKnownFileType = sourcecode.c.objc; path = RelojViewController.m; sourceTree = "<group>"; };
		E0201E67190D10D900D00A69 /* Add.png */ = {isa = PBXFileReference; lastKnownFileType = image.png; path = Add.png; sourceTree = "<group>"; };
		E0201E68190D10D900D00A69 /* Add@2x.png */ = {isa = PBXFileReference; lastKnownFileType = image.png; path = "Add@2x.png"; sourceTree = "<group>"; };
		E0201E69190D10D900D00A69 /* Alarm.png */ = {isa = PBXFileReference; lastKnownFileType = image.png; path = Alarm.png; sourceTree = "<group>"; };
		E0201E6A190D10D900D00A69 /* Alarm@2x.png */ = {isa = PBXFileReference; lastKnownFileType = image.png; path = "Alarm@2x.png"; sourceTree = "<group>"; };
		E0201E6B190D10D900D00A69 /* Clock.png */ = {isa = PBXFileReference; lastKnownFileType = image.png; path = Clock.png; sourceTree = "<group>"; };
		E0201E6C190D10D900D00A69 /* Clock@2x.png */ = {isa = PBXFileReference; lastKnownFileType = image.png; path = "Clock@2x.png"; sourceTree = "<group>"; };
		E0201E6D190D10D900D00A69 /* New.png */ = {isa = PBXFileReference; lastKnownFileType = image.png; path = New.png; sourceTree = "<group>"; };
		E0201E6E190D10D900D00A69 /* New@2x.png */ = {isa = PBXFileReference; lastKnownFileType = image.png; path = "New@2x.png"; sourceTree = "<group>"; };
		E0201E6F190D10D900D00A69 /* Next.png */ = {isa = PBXFileReference; lastKnownFileType = image.png; path = Next.png; sourceTree = "<group>"; };
		E0201E70190D10D900D00A69 /* Next@2x.png */ = {isa = PBXFileReference; lastKnownFileType = image.png; path = "Next@2x.png"; sourceTree = "<group>"; };
		E0201E71190D10D900D00A69 /* Options.png */ = {isa = PBXFileReference; lastKnownFileType = image.png; path = Options.png; sourceTree = "<group>"; };
		E0201E72190D10D900D00A69 /* Options@2x.png */ = {isa = PBXFileReference; lastKnownFileType = image.png; path = "Options@2x.png"; sourceTree = "<group>"; };
		E0201E73190D10D900D00A69 /* Previous.png */ = {isa = PBXFileReference; lastKnownFileType = image.png; path = Previous.png; sourceTree = "<group>"; };
		E0201E74190D10D900D00A69 /* Previous@2x.png */ = {isa = PBXFileReference; lastKnownFileType = image.png; path = "Previous@2x.png"; sourceTree = "<group>"; };
		E0201E75190D10D900D00A69 /* Timer.png */ = {isa = PBXFileReference; lastKnownFileType = image.png; path = Timer.png; sourceTree = "<group>"; };
		E0201E76190D10D900D00A69 /* Timer@2x.png */ = {isa = PBXFileReference; lastKnownFileType = image.png; path = "Timer@2x.png"; sourceTree = "<group>"; };
		E072F280190D863300FE1D24 /* CellDetailRelojOptionTVC.h */ = {isa = PBXFileReference; fileEncoding = 4; lastKnownFileType = sourcecode.c.h; path = CellDetailRelojOptionTVC.h; sourceTree = "<group>"; };
		E072F281190D863300FE1D24 /* CellDetailRelojOptionTVC.m */ = {isa = PBXFileReference; fileEncoding = 4; lastKnownFileType = sourcecode.c.objc; path = CellDetailRelojOptionTVC.m; sourceTree = "<group>"; };
		E07FB114191FA4E300FFA667 /* es */ = {isa = PBXFileReference; lastKnownFileType = text.plist.strings; name = es; path = es.lproj/InfoPlist.strings; sourceTree = "<group>"; };
		E07FB115191FA4E300FFA667 /* es */ = {isa = PBXFileReference; lastKnownFileType = text.plist.strings; name = es; path = es.lproj/InfoPlist.strings; sourceTree = "<group>"; };
		E07FB128191FAD7E00FFA667 /* es */ = {isa = PBXFileReference; lastKnownFileType = text.plist.strings; name = es; path = es.lproj/Localizable.strings; sourceTree = "<group>"; };
		E07FB12A191FAD8300FFA667 /* en */ = {isa = PBXFileReference; lastKnownFileType = text.plist.strings; name = en; path = en.lproj/Localizable.strings; sourceTree = "<group>"; };
		E07FB12C191FAFAD00FFA667 /* Base */ = {isa = PBXFileReference; lastKnownFileType = file.storyboard; name = Base; path = Base.lproj/Main_iPhone.storyboard; sourceTree = "<group>"; };
/* End PBXFileReference section */

/* Begin PBXFrameworksBuildPhase section */
		E0201E1C190D0F2C00D00A69 /* Frameworks */ = {
			isa = PBXFrameworksBuildPhase;
			buildActionMask = 2147483647;
			files = (
				E00A3C4F19E0663F007AD1C6 /* libsqlite3.dylib in Frameworks */,
				A94B49E619AD04C20041500C /* AudioToolbox.framework in Frameworks */,
				A94B49E419ACFC0F0041500C /* AVFoundation.framework in Frameworks */,
				E0201E25190D0F2C00D00A69 /* CoreGraphics.framework in Frameworks */,
				E0201E27190D0F2C00D00A69 /* UIKit.framework in Frameworks */,
				E0201E23190D0F2C00D00A69 /* Foundation.framework in Frameworks */,
			);
			runOnlyForDeploymentPostprocessing = 0;
		};
		E0201E43190D0F2D00D00A69 /* Frameworks */ = {
			isa = PBXFrameworksBuildPhase;
			buildActionMask = 2147483647;
			files = (
				E0201E48190D0F2D00D00A69 /* XCTest.framework in Frameworks */,
				E0201E4A190D0F2D00D00A69 /* UIKit.framework in Frameworks */,
				E0201E49190D0F2D00D00A69 /* Foundation.framework in Frameworks */,
			);
			runOnlyForDeploymentPostprocessing = 0;
		};
/* End PBXFrameworksBuildPhase section */

/* Begin PBXGroup section */
		A9983F3D19A28DCF00CF6BC0 /* ALARMS */ = {
			isa = PBXGroup;
			children = (
				A9983F4119A2975300CF6BC0 /* Controllers */,
			);
			name = ALARMS;
			sourceTree = "<group>";
		};
		A9983F4119A2975300CF6BC0 /* Controllers */ = {
			isa = PBXGroup;
			children = (
				A9983F4D19A29F0B00CF6BC0 /* Alarm.h */,
				A9983F4E19A29F0B00CF6BC0 /* Alarm.m */,
				A9983F4F19A29F0B00CF6BC0 /* AlarmListTVC.h */,
				A9983F5019A29F0B00CF6BC0 /* AlarmListTVC.m */,
				A9E4343919A3D3CF0022C1FE /* AddAlarmTVC.h */,
				A9E4343A19A3D3CF0022C1FE /* AddAlarmTVC.m */,
				A921DB2D19A67CAB00D40908 /* EditAlarmTvC.h */,
				A921DB2E19A67CAB00D40908 /* EditAlarmTvC.m */,
				A91C7E0F19AA545C002B34A1 /* Sound.h */,
				A91C7E1019AA545C002B34A1 /* Sound.m */,
				A91C7E0919AA52AF002B34A1 /* SoundListTVC.h */,
				A91C7E0A19AA52AF002B34A1 /* SoundListTVC.m */,
			);
			name = Controllers;
			sourceTree = "<group>";
		};
		A9AD809919A1299F00A059AB /* App Icon [Rounded] */ = {
			isa = PBXGroup;
			children = (
				A9AD809A19A1299F00A059AB /* AppIcon29x29.png */,
				A9AD809B19A1299F00A059AB /* AppIcon29x29@2x.png */,
				A9AD809C19A1299F00A059AB /* AppIcon40x40.png */,
				A9AD809D19A1299F00A059AB /* AppIcon40x40@2x.png */,
				A9AD809E19A1299F00A059AB /* AppIcon50x50.png */,
				A9AD809F19A1299F00A059AB /* AppIcon50x50@2x.png */,
				A9AD80A019A1299F00A059AB /* AppIcon57x57.png */,
				A9AD80A119A1299F00A059AB /* AppIcon57x57@2x.png */,
				A9AD80A219A1299F00A059AB /* AppIcon60x60.png */,
				A9AD80A319A1299F00A059AB /* AppIcon60x60@2x.png */,
				A9AD80A419A1299F00A059AB /* AppIcon72x72.png */,
				A9AD80A519A1299F00A059AB /* AppIcon72x72@2x.png */,
				A9AD80A619A1299F00A059AB /* AppIcon76x76.png */,
				A9AD80A719A1299F00A059AB /* AppIcon76x76@2x.png */,
				A9AD80A819A1299F00A059AB /* iTunesArtwork.png */,
				A9AD80A919A1299F00A059AB /* iTunesArtwork@2x.png */,
			);
			name = "App Icon [Rounded]";
			path = "RESOURCES/App Icon [Rounded]";
			sourceTree = SOURCE_ROOT;
		};
		E0201E16190D0F2C00D00A69 = {
			isa = PBXGroup;
			children = (
				E0201E28190D0F2C00D00A69 /* MiReloj */,
				E0201E4D190D0F2D00D00A69 /* MiRelojTests */,
				E0201E21190D0F2C00D00A69 /* Frameworks */,
				E0201E20190D0F2C00D00A69 /* Products */,
			);
			sourceTree = "<group>";
		};
		E0201E20190D0F2C00D00A69 /* Products */ = {
			isa = PBXGroup;
			children = (
				E0201E1F190D0F2C00D00A69 /* MiReloj.app */,
				E0201E46190D0F2D00D00A69 /* MiRelojTests.xctest */,
			);
			name = Products;
			sourceTree = "<group>";
		};
		E0201E21190D0F2C00D00A69 /* Frameworks */ = {
			isa = PBXGroup;
			children = (
				E00A3C4E19E0663F007AD1C6 /* libsqlite3.dylib */,
				A94B49E519AD04C20041500C /* AudioToolbox.framework */,
				A94B49E319ACFC0F0041500C /* AVFoundation.framework */,
				E0201E22190D0F2C00D00A69 /* Foundation.framework */,
				E0201E24190D0F2C00D00A69 /* CoreGraphics.framework */,
				E0201E26190D0F2C00D00A69 /* UIKit.framework */,
				E0201E47190D0F2D00D00A69 /* XCTest.framework */,
			);
			name = Frameworks;
			sourceTree = "<group>";
		};
		E0201E28190D0F2C00D00A69 /* MiReloj */ = {
			isa = PBXGroup;
			children = (
				A9983F3D19A28DCF00CF6BC0 /* ALARMS */,
				E0201E61190D10D900D00A69 /* CLOCK */,
				E0201E65190D10D900D00A69 /* RESOURCES */,
				E0201E31190D0F2C00D00A69 /* AppDelegate.h */,
				E0201E32190D0F2C00D00A69 /* AppDelegate.m */,
				E07FB12B191FAFAD00FFA667 /* Main_iPhone.storyboard */,
				A9E54E2A19A0B22900B86244 /* Main_iPad_Version.storyboard */,
				E0201E3D190D0F2D00D00A69 /* DetailViewController.h */,
				E0201E3E190D0F2D00D00A69 /* DetailViewController.m */,
				E0201E40190D0F2D00D00A69 /* Images.xcassets */,
				E0201E29190D0F2C00D00A69 /* Supporting Files */,
			);
			path = MiReloj;
			sourceTree = "<group>";
		};
		E0201E29190D0F2C00D00A69 /* Supporting Files */ = {
			isa = PBXGroup;
			children = (
				E0201E2A190D0F2C00D00A69 /* MiReloj-Info.plist */,
				E0201E2B190D0F2C00D00A69 /* InfoPlist.strings */,
				E0201E2E190D0F2C00D00A69 /* main.m */,
				E0201E30190D0F2C00D00A69 /* MiReloj-Prefix.pch */,
			);
			name = "Supporting Files";
			sourceTree = "<group>";
		};
		E0201E4D190D0F2D00D00A69 /* MiRelojTests */ = {
			isa = PBXGroup;
			children = (
				E0201E53190D0F2D00D00A69 /* MiRelojTests.m */,
				E0201E4E190D0F2D00D00A69 /* Supporting Files */,
			);
			path = MiRelojTests;
			sourceTree = "<group>";
		};
		E0201E4E190D0F2D00D00A69 /* Supporting Files */ = {
			isa = PBXGroup;
			children = (
				E0201E4F190D0F2D00D00A69 /* MiRelojTests-Info.plist */,
				E0201E50190D0F2D00D00A69 /* InfoPlist.strings */,
			);
			name = "Supporting Files";
			sourceTree = "<group>";
		};
		E0201E61190D10D900D00A69 /* CLOCK */ = {
			isa = PBXGroup;
			children = (
				E0201E62190D10D900D00A69 /* Controllers */,
			);
			path = CLOCK;
			sourceTree = SOURCE_ROOT;
		};
		E0201E62190D10D900D00A69 /* Controllers */ = {
			isa = PBXGroup;
			children = (
				E0201E63190D10D900D00A69 /* RelojViewController.h */,
				E0201E64190D10D900D00A69 /* RelojViewController.m */,
				E072F280190D863300FE1D24 /* CellDetailRelojOptionTVC.h */,
				E072F281190D863300FE1D24 /* CellDetailRelojOptionTVC.m */,
			);
			path = Controllers;
			sourceTree = "<group>";
		};
		E0201E65190D10D900D00A69 /* RESOURCES */ = {
			isa = PBXGroup;
			children = (
				A9AD809919A1299F00A059AB /* App Icon [Rounded] */,
				E0BECF1C191FFF8D001B47E7 /* Sounds */,
				E07FB118191FA8C000FFA667 /* Languages */,
				E0201E66190D10D900D00A69 /* Images */,
			);
			path = RESOURCES;
			sourceTree = SOURCE_ROOT;
		};
		E0201E66190D10D900D00A69 /* Images */ = {
			isa = PBXGroup;
			children = (
				E0201E67190D10D900D00A69 /* Add.png */,
				E0201E68190D10D900D00A69 /* Add@2x.png */,
				E0201E69190D10D900D00A69 /* Alarm.png */,
				E0201E6A190D10D900D00A69 /* Alarm@2x.png */,
				E0201E6B190D10D900D00A69 /* Clock.png */,
				E0201E6C190D10D900D00A69 /* Clock@2x.png */,
				E0201E6D190D10D900D00A69 /* New.png */,
				E0201E6E190D10D900D00A69 /* New@2x.png */,
				E0201E6F190D10D900D00A69 /* Next.png */,
				E0201E70190D10D900D00A69 /* Next@2x.png */,
				E0201E71190D10D900D00A69 /* Options.png */,
				E0201E72190D10D900D00A69 /* Options@2x.png */,
				E0201E73190D10D900D00A69 /* Previous.png */,
				E0201E74190D10D900D00A69 /* Previous@2x.png */,
				E0201E75190D10D900D00A69 /* Timer.png */,
				E0201E76190D10D900D00A69 /* Timer@2x.png */,
			);
			path = Images;
			sourceTree = "<group>";
		};
		E07FB118191FA8C000FFA667 /* Languages */ = {
			isa = PBXGroup;
			children = (
				E07FB129191FAD7E00FFA667 /* Localizable.strings */,
			);
			name = Languages;
			path = Images;
			sourceTree = "<group>";
		};
		E0BECF1C191FFF8D001B47E7 /* Sounds */ = {
			isa = PBXGroup;
			children = (
				E0050D1E19E00EF700062D86 /* alarm_clock_ringing.caf */,
				E0050D1F19E00EF700062D86 /* baby_crying.caf */,
				E0050D2019E00EF700062D86 /* card_reader_alarm.caf */,
				E0050D2119E00EF700062D86 /* church_bells.caf */,
				E0050D2219E00EF700062D86 /* police.caf */,
			);
			path = Sounds;
			sourceTree = "<group>";
		};
/* End PBXGroup section */

/* Begin PBXNativeTarget section */
		E0201E1E190D0F2C00D00A69 /* MiReloj */ = {
			isa = PBXNativeTarget;
			buildConfigurationList = E0201E57190D0F2D00D00A69 /* Build configuration list for PBXNativeTarget "MiReloj" */;
			buildPhases = (
				E0201E1B190D0F2C00D00A69 /* Sources */,
				E0201E1C190D0F2C00D00A69 /* Frameworks */,
				E0201E1D190D0F2C00D00A69 /* Resources */,
			);
			buildRules = (
			);
			dependencies = (
			);
			name = MiReloj;
			productName = MiReloj;
			productReference = E0201E1F190D0F2C00D00A69 /* MiReloj.app */;
			productType = "com.apple.product-type.application";
		};
		E0201E45190D0F2D00D00A69 /* MiRelojTests */ = {
			isa = PBXNativeTarget;
			buildConfigurationList = E0201E5A190D0F2D00D00A69 /* Build configuration list for PBXNativeTarget "MiRelojTests" */;
			buildPhases = (
				E0201E42190D0F2D00D00A69 /* Sources */,
				E0201E43190D0F2D00D00A69 /* Frameworks */,
				E0201E44190D0F2D00D00A69 /* Resources */,
			);
			buildRules = (
			);
			dependencies = (
				E0201E4C190D0F2D00D00A69 /* PBXTargetDependency */,
			);
			name = MiRelojTests;
			productName = MiRelojTests;
			productReference = E0201E46190D0F2D00D00A69 /* MiRelojTests.xctest */;
			productType = "com.apple.product-type.bundle.unit-test";
		};
/* End PBXNativeTarget section */

/* Begin PBXProject section */
		E0201E17190D0F2C00D00A69 /* Project object */ = {
			isa = PBXProject;
			attributes = {
				LastUpgradeCheck = 0510;
				ORGANIZATIONNAME = "Alejandro Marijuán";
				TargetAttributes = {
					E0201E45190D0F2D00D00A69 = {
						TestTargetID = E0201E1E190D0F2C00D00A69;
					};
				};
			};
			buildConfigurationList = E0201E1A190D0F2C00D00A69 /* Build configuration list for PBXProject "MiReloj" */;
			compatibilityVersion = "Xcode 3.2";
			developmentRegion = English;
			hasScannedForEncodings = 0;
			knownRegions = (
				en,
				Base,
				es,
			);
			mainGroup = E0201E16190D0F2C00D00A69;
			productRefGroup = E0201E20190D0F2C00D00A69 /* Products */;
			projectDirPath = "";
			projectRoot = "";
			targets = (
				E0201E1E190D0F2C00D00A69 /* MiReloj */,
				E0201E45190D0F2D00D00A69 /* MiRelojTests */,
			);
		};
/* End PBXProject section */

/* Begin PBXResourcesBuildPhase section */
		E0201E1D190D0F2C00D00A69 /* Resources */ = {
			isa = PBXResourcesBuildPhase;
			buildActionMask = 2147483647;
			files = (
				A9AD80AE19A1299F00A059AB /* AppIcon50x50.png in Resources */,
				A9AD80B519A1299F00A059AB /* AppIcon72x72@2x.png in Resources */,
				A9AD80B619A1299F00A059AB /* AppIcon76x76.png in Resources */,
				E0050D2319E00EF700062D86 /* alarm_clock_ringing.caf in Resources */,
				A9E54E2C19A0B22900B86244 /* Main_iPad_Version.storyboard in Resources */,
				E0201E79190D10D900D00A69 /* Add.png in Resources */,
				A9AD80AD19A1299F00A059AB /* AppIcon40x40@2x.png in Resources */,
				A9AD80B119A1299F00A059AB /* AppIcon57x57@2x.png in Resources */,
				E0050D2719E00EF700062D86 /* police.caf in Resources */,
				E0050D2419E00EF700062D86 /* baby_crying.caf in Resources */,
				A9AD80B419A1299F00A059AB /* AppIcon72x72.png in Resources */,
				A9AD80B719A1299F00A059AB /* AppIcon76x76@2x.png in Resources */,
				A9AD80B219A1299F00A059AB /* AppIcon60x60.png in Resources */,
				A9AD80B319A1299F00A059AB /* AppIcon60x60@2x.png in Resources */,
				A9AD80B819A1299F00A059AB /* iTunesArtwork.png in Resources */,
				E0201E7A190D10D900D00A69 /* Add@2x.png in Resources */,
				E0201E41190D0F2D00D00A69 /* Images.xcassets in Resources */,
				E0201E7B190D10D900D00A69 /* Alarm.png in Resources */,
				E0050D2619E00EF700062D86 /* church_bells.caf in Resources */,
				E07FB12D191FAFAD00FFA667 /* Main_iPhone.storyboard in Resources */,
				E0201E7F190D10D900D00A69 /* New.png in Resources */,
				E0201E81190D10D900D00A69 /* Next.png in Resources */,
				E0201E84190D10D900D00A69 /* Options@2x.png in Resources */,
				E0201E86190D10D900D00A69 /* Previous@2x.png in Resources */,
				E07FB127191FAD7E00FFA667 /* Localizable.strings in Resources */,
				E0201E83190D10D900D00A69 /* Options.png in Resources */,
				E0201E87190D10D900D00A69 /* Timer.png in Resources */,
				E0201E7C190D10D900D00A69 /* Alarm@2x.png in Resources */,
				E0201E7D190D10D900D00A69 /* Clock.png in Resources */,
				A9AD80AA19A1299F00A059AB /* AppIcon29x29.png in Resources */,
				A9AD80AC19A1299F00A059AB /* AppIcon40x40.png in Resources */,
				E0201E80190D10D900D00A69 /* New@2x.png in Resources */,
				E0201E82190D10D900D00A69 /* Next@2x.png in Resources */,
				E0201E2D190D0F2C00D00A69 /* InfoPlist.strings in Resources */,
				A9AD80AB19A1299F00A059AB /* AppIcon29x29@2x.png in Resources */,
				A9AD80B019A1299F00A059AB /* AppIcon57x57.png in Resources */,
				A9AD80B919A1299F00A059AB /* iTunesArtwork@2x.png in Resources */,
				A9AD80AF19A1299F00A059AB /* AppIcon50x50@2x.png in Resources */,
				E0201E7E190D10D900D00A69 /* Clock@2x.png in Resources */,
				E0201E88190D10D900D00A69 /* Timer@2x.png in Resources */,
				E0050D2519E00EF700062D86 /* card_reader_alarm.caf in Resources */,
				E0201E85190D10D900D00A69 /* Previous.png in Resources */,
			);
			runOnlyForDeploymentPostprocessing = 0;
		};
		E0201E44190D0F2D00D00A69 /* Resources */ = {
			isa = PBXResourcesBuildPhase;
			buildActionMask = 2147483647;
			files = (
				E0201E52190D0F2D00D00A69 /* InfoPlist.strings in Resources */,
			);
			runOnlyForDeploymentPostprocessing = 0;
		};
/* End PBXResourcesBuildPhase section */

/* Begin PBXSourcesBuildPhase section */
		E0201E1B190D0F2C00D00A69 /* Sources */ = {
			isa = PBXSourcesBuildPhase;
			buildActionMask = 2147483647;
			files = (
				E0201E33190D0F2C00D00A69 /* AppDelegate.m in Sources */,
				A91C7E0B19AA52AF002B34A1 /* SoundListTVC.m in Sources */,
				A9983F5119A29F0B00CF6BC0 /* Alarm.m in Sources */,
				E072F282190D863300FE1D24 /* CellDetailRelojOptionTVC.m in Sources */,
				A91C7E1119AA545C002B34A1 /* Sound.m in Sources */,
				A921DB2F19A67CAB00D40908 /* EditAlarmTvC.m in Sources */,
				A9E4343B19A3D3CF0022C1FE /* AddAlarmTVC.m in Sources */,
				E0201E78190D10D900D00A69 /* RelojViewController.m in Sources */,
				E0201E2F190D0F2C00D00A69 /* main.m in Sources */,
				E0201E3F190D0F2D00D00A69 /* DetailViewController.m in Sources */,
				A9983F5219A29F0B00CF6BC0 /* AlarmListTVC.m in Sources */,
			);
			runOnlyForDeploymentPostprocessing = 0;
		};
		E0201E42190D0F2D00D00A69 /* Sources */ = {
			isa = PBXSourcesBuildPhase;
			buildActionMask = 2147483647;
			files = (
				E0201E54190D0F2D00D00A69 /* MiRelojTests.m in Sources */,
			);
			runOnlyForDeploymentPostprocessing = 0;
		};
/* End PBXSourcesBuildPhase section */

/* Begin PBXTargetDependency section */
		E0201E4C190D0F2D00D00A69 /* PBXTargetDependency */ = {
			isa = PBXTargetDependency;
			target = E0201E1E190D0F2C00D00A69 /* MiReloj */;
			targetProxy = E0201E4B190D0F2D00D00A69 /* PBXContainerItemProxy */;
		};
/* End PBXTargetDependency section */

/* Begin PBXVariantGroup section */
		A9E54E2A19A0B22900B86244 /* Main_iPad_Version.storyboard */ = {
			isa = PBXVariantGroup;
			children = (
				A9E54E2B19A0B22900B86244 /* Base */,
			);
			name = Main_iPad_Version.storyboard;
			path = ..;
			sourceTree = "<group>";
		};
		E0201E2B190D0F2C00D00A69 /* InfoPlist.strings */ = {
			isa = PBXVariantGroup;
			children = (
				E0201E2C190D0F2C00D00A69 /* en */,
				E07FB114191FA4E300FFA667 /* es */,
			);
			name = InfoPlist.strings;
			sourceTree = "<group>";
		};
		E0201E50190D0F2D00D00A69 /* InfoPlist.strings */ = {
			isa = PBXVariantGroup;
			children = (
				E0201E51190D0F2D00D00A69 /* en */,
				E07FB115191FA4E300FFA667 /* es */,
			);
			name = InfoPlist.strings;
			sourceTree = "<group>";
		};
		E07FB129191FAD7E00FFA667 /* Localizable.strings */ = {
			isa = PBXVariantGroup;
			children = (
				E07FB128191FAD7E00FFA667 /* es */,
				E07FB12A191FAD8300FFA667 /* en */,
			);
			name = Localizable.strings;
			path = RESOURCES/Languages;
			sourceTree = SOURCE_ROOT;
		};
		E07FB12B191FAFAD00FFA667 /* Main_iPhone.storyboard */ = {
			isa = PBXVariantGroup;
			children = (
				E07FB12C191FAFAD00FFA667 /* Base */,
				A9392FF319A8A70900D3CCBE /* es */,
				A9392FF519A8A70C00D3CCBE /* en */,
			);
			name = Main_iPhone.storyboard;
			sourceTree = "<group>";
		};
/* End PBXVariantGroup section */

/* Begin XCBuildConfiguration section */
		E0201E55190D0F2D00D00A69 /* Debug */ = {
			isa = XCBuildConfiguration;
			buildSettings = {
				ALWAYS_SEARCH_USER_PATHS = NO;
				CLANG_CXX_LANGUAGE_STANDARD = "gnu++0x";
				CLANG_CXX_LIBRARY = "libc++";
				CLANG_ENABLE_MODULES = YES;
				CLANG_ENABLE_OBJC_ARC = YES;
				CLANG_WARN_BOOL_CONVERSION = YES;
				CLANG_WARN_CONSTANT_CONVERSION = YES;
				CLANG_WARN_DIRECT_OBJC_ISA_USAGE = YES_ERROR;
				CLANG_WARN_EMPTY_BODY = YES;
				CLANG_WARN_ENUM_CONVERSION = YES;
				CLANG_WARN_INT_CONVERSION = YES;
				CLANG_WARN_OBJC_ROOT_CLASS = YES_ERROR;
				CLANG_WARN__DUPLICATE_METHOD_MATCH = YES;
				"CODE_SIGN_IDENTITY[sdk=iphoneos*]" = "iPhone Developer";
				COPY_PHASE_STRIP = NO;
				GCC_C_LANGUAGE_STANDARD = gnu99;
				GCC_DYNAMIC_NO_PIC = NO;
				GCC_OPTIMIZATION_LEVEL = 0;
				GCC_PREPROCESSOR_DEFINITIONS = (
					"DEBUG=1",
					"$(inherited)",
				);
				GCC_SYMBOLS_PRIVATE_EXTERN = NO;
				GCC_WARN_64_TO_32_BIT_CONVERSION = YES;
				GCC_WARN_ABOUT_RETURN_TYPE = YES_ERROR;
				GCC_WARN_UNDECLARED_SELECTOR = YES;
				GCC_WARN_UNINITIALIZED_AUTOS = YES;
				GCC_WARN_UNUSED_FUNCTION = YES;
				GCC_WARN_UNUSED_VARIABLE = YES;
				IPHONEOS_DEPLOYMENT_TARGET = 7.0;
				ONLY_ACTIVE_ARCH = YES;
				SDKROOT = iphoneos;
				TARGETED_DEVICE_FAMILY = "1,2";
			};
			name = Debug;
		};
		E0201E56190D0F2D00D00A69 /* Release */ = {
			isa = XCBuildConfiguration;
			buildSettings = {
				ALWAYS_SEARCH_USER_PATHS = NO;
				CLANG_CXX_LANGUAGE_STANDARD = "gnu++0x";
				CLANG_CXX_LIBRARY = "libc++";
				CLANG_ENABLE_MODULES = YES;
				CLANG_ENABLE_OBJC_ARC = YES;
				CLANG_WARN_BOOL_CONVERSION = YES;
				CLANG_WARN_CONSTANT_CONVERSION = YES;
				CLANG_WARN_DIRECT_OBJC_ISA_USAGE = YES_ERROR;
				CLANG_WARN_EMPTY_BODY = YES;
				CLANG_WARN_ENUM_CONVERSION = YES;
				CLANG_WARN_INT_CONVERSION = YES;
				CLANG_WARN_OBJC_ROOT_CLASS = YES_ERROR;
				CLANG_WARN__DUPLICATE_METHOD_MATCH = YES;
				"CODE_SIGN_IDENTITY[sdk=iphoneos*]" = "iPhone Developer";
				COPY_PHASE_STRIP = YES;
				ENABLE_NS_ASSERTIONS = NO;
				GCC_C_LANGUAGE_STANDARD = gnu99;
				GCC_WARN_64_TO_32_BIT_CONVERSION = YES;
				GCC_WARN_ABOUT_RETURN_TYPE = YES_ERROR;
				GCC_WARN_UNDECLARED_SELECTOR = YES;
				GCC_WARN_UNINITIALIZED_AUTOS = YES;
				GCC_WARN_UNUSED_FUNCTION = YES;
				GCC_WARN_UNUSED_VARIABLE = YES;
				IPHONEOS_DEPLOYMENT_TARGET = 7.0;
				SDKROOT = iphoneos;
				TARGETED_DEVICE_FAMILY = "1,2";
				VALIDATE_PRODUCT = YES;
			};
			name = Release;
		};
		E0201E58190D0F2D00D00A69 /* Debug */ = {
			isa = XCBuildConfiguration;
			buildSettings = {
				ASSETCATALOG_COMPILER_APPICON_NAME = AppIcon;
				ASSETCATALOG_COMPILER_LAUNCHIMAGE_NAME = LaunchImage;
				GCC_PRECOMPILE_PREFIX_HEADER = YES;
				GCC_PREFIX_HEADER = "MiReloj/MiReloj-Prefix.pch";
				INFOPLIST_FILE = "MiReloj/MiReloj-Info.plist";
				PRODUCT_NAME = "$(TARGET_NAME)";
				TARGETED_DEVICE_FAMILY = "1,2";
				WRAPPER_EXTENSION = app;
			};
			name = Debug;
		};
		E0201E59190D0F2D00D00A69 /* Release */ = {
			isa = XCBuildConfiguration;
			buildSettings = {
				ASSETCATALOG_COMPILER_APPICON_NAME = AppIcon;
				ASSETCATALOG_COMPILER_LAUNCHIMAGE_NAME = LaunchImage;
				GCC_PRECOMPILE_PREFIX_HEADER = YES;
				GCC_PREFIX_HEADER = "MiReloj/MiReloj-Prefix.pch";
				INFOPLIST_FILE = "MiReloj/MiReloj-Info.plist";
				PRODUCT_NAME = "$(TARGET_NAME)";
				TARGETED_DEVICE_FAMILY = "1,2";
				WRAPPER_EXTENSION = app;
			};
			name = Release;
		};
		E0201E5B190D0F2D00D00A69 /* Debug */ = {
			isa = XCBuildConfiguration;
			buildSettings = {
				BUNDLE_LOADER = "$(BUILT_PRODUCTS_DIR)/MiReloj.app/MiReloj";
				FRAMEWORK_SEARCH_PATHS = (
					"$(SDKROOT)/Developer/Library/Frameworks",
					"$(inherited)",
					"$(DEVELOPER_FRAMEWORKS_DIR)",
				);
				GCC_PRECOMPILE_PREFIX_HEADER = YES;
				GCC_PREFIX_HEADER = "MiReloj/MiReloj-Prefix.pch";
				GCC_PREPROCESSOR_DEFINITIONS = (
					"DEBUG=1",
					"$(inherited)",
				);
				INFOPLIST_FILE = "MiRelojTests/MiRelojTests-Info.plist";
				PRODUCT_NAME = "$(TARGET_NAME)";
				TEST_HOST = "$(BUNDLE_LOADER)";
				WRAPPER_EXTENSION = xctest;
			};
			name = Debug;
		};
		E0201E5C190D0F2D00D00A69 /* Release */ = {
			isa = XCBuildConfiguration;
			buildSettings = {
				BUNDLE_LOADER = "$(BUILT_PRODUCTS_DIR)/MiReloj.app/MiReloj";
				FRAMEWORK_SEARCH_PATHS = (
					"$(SDKROOT)/Developer/Library/Frameworks",
					"$(inherited)",
					"$(DEVELOPER_FRAMEWORKS_DIR)",
				);
				GCC_PRECOMPILE_PREFIX_HEADER = YES;
				GCC_PREFIX_HEADER = "MiReloj/MiReloj-Prefix.pch";
				INFOPLIST_FILE = "MiRelojTests/MiRelojTests-Info.plist";
				PRODUCT_NAME = "$(TARGET_NAME)";
				TEST_HOST = "$(BUNDLE_LOADER)";
				WRAPPER_EXTENSION = xctest;
			};
			name = Release;
		};
/* End XCBuildConfiguration section */

/* Begin XCConfigurationList section */
		E0201E1A190D0F2C00D00A69 /* Build configuration list for PBXProject "MiReloj" */ = {
			isa = XCConfigurationList;
			buildConfigurations = (
				E0201E55190D0F2D00D00A69 /* Debug */,
				E0201E56190D0F2D00D00A69 /* Release */,
			);
			defaultConfigurationIsVisible = 0;
			defaultConfigurationName = Release;
		};
		E0201E57190D0F2D00D00A69 /* Build configuration list for PBXNativeTarget "MiReloj" */ = {
			isa = XCConfigurationList;
			buildConfigurations = (
				E0201E58190D0F2D00D00A69 /* Debug */,
				E0201E59190D0F2D00D00A69 /* Release */,
			);
			defaultConfigurationIsVisible = 0;
			defaultConfigurationName = Release;
		};
		E0201E5A190D0F2D00D00A69 /* Build configuration list for PBXNativeTarget "MiRelojTests" */ = {
			isa = XCConfigurationList;
			buildConfigurations = (
				E0201E5B190D0F2D00D00A69 /* Debug */,
				E0201E5C190D0F2D00D00A69 /* Release */,
			);
			defaultConfigurationIsVisible = 0;
			defaultConfigurationName = Release;
		};
/* End XCConfigurationList section */
	};
	rootObject = E0201E17190D0F2C00D00A69 /* Project object */;
}
